// !$*UTF8*$!
{
	archiveVersion = 1;
	classes = {
	};
	objectVersion = 50;
	objects = {

/* Begin PBXBuildFile section */
		8417EBCE233C49D70089CBCE /* StageOne.swift in Sources */ = {isa = PBXBuildFile; fileRef = 8417EBCD233C49D70089CBCE /* StageOne.swift */; };
		842983BC231F6E5C00F8E336 /* TsukushiBMaruGothic.ttc in Resources */ = {isa = PBXBuildFile; fileRef = 847DE58F2317646D0037EC52 /* TsukushiBMaruGothic.ttc */; };
		8451763E23657AAA00524E7E /* StageThreeGame.swift in Sources */ = {isa = PBXBuildFile; fileRef = 8451763D23657AAA00524E7E /* StageThreeGame.swift */; };
		845176402365E10800524E7E /* PopupViewController.swift in Sources */ = {isa = PBXBuildFile; fileRef = 8451763F2365E10800524E7E /* PopupViewController.swift */; };
		84643115230E3F62003F3AB6 /* PreQuiz.swift in Sources */ = {isa = PBXBuildFile; fileRef = 84643114230E3F62003F3AB6 /* PreQuiz.swift */; };
		846C2C4822FA908B00387197 /* AppDelegate.swift in Sources */ = {isa = PBXBuildFile; fileRef = 846C2C4722FA908B00387197 /* AppDelegate.swift */; };
		846C2C4A22FA908B00387197 /* ViewController.swift in Sources */ = {isa = PBXBuildFile; fileRef = 846C2C4922FA908B00387197 /* ViewController.swift */; };
		846C2C4D22FA908B00387197 /* Main.storyboard in Resources */ = {isa = PBXBuildFile; fileRef = 846C2C4B22FA908B00387197 /* Main.storyboard */; };
		846C2C4F22FA908C00387197 /* Assets.xcassets in Resources */ = {isa = PBXBuildFile; fileRef = 846C2C4E22FA908C00387197 /* Assets.xcassets */; };
		846C2C5222FA908C00387197 /* LaunchScreen.storyboard in Resources */ = {isa = PBXBuildFile; fileRef = 846C2C5022FA908C00387197 /* LaunchScreen.storyboard */; };
		846E37FD231EA9D6008177F6 /* Introduction.swift in Sources */ = {isa = PBXBuildFile; fileRef = 846E37FC231EA9D6008177F6 /* Introduction.swift */; };
		84969C3E235F3C430073DFF7 /* StageOneGame.swift in Sources */ = {isa = PBXBuildFile; fileRef = 84969C3D235F3C430073DFF7 /* StageOneGame.swift */; };
		84969C40235F61520073DFF7 /* CALayer+UIColor.swift in Sources */ = {isa = PBXBuildFile; fileRef = 84969C3F235F61520073DFF7 /* CALayer+UIColor.swift */; };
		84BA48D1236166EA000EEE4E /* TestViewController.swift in Sources */ = {isa = PBXBuildFile; fileRef = 84BA48D0236166EA000EEE4E /* TestViewController.swift */; };
		84E4BD4D23661DAC000DB4CB /* StageOneGame2.swift in Sources */ = {isa = PBXBuildFile; fileRef = 84E4BD4C23661DAC000DB4CB /* StageOneGame2.swift */; };
		84E4BD5123663C25000DB4CB /* StageOnePopup.swift in Sources */ = {isa = PBXBuildFile; fileRef = 84E4BD5023663C25000DB4CB /* StageOnePopup.swift */; };
/* End PBXBuildFile section */

/* Begin PBXFileReference section */
		8417EBCD233C49D70089CBCE /* StageOne.swift */ = {isa = PBXFileReference; lastKnownFileType = sourcecode.swift; path = StageOne.swift; sourceTree = "<group>"; };
		8451763D23657AAA00524E7E /* StageThreeGame.swift */ = {isa = PBXFileReference; lastKnownFileType = sourcecode.swift; path = StageThreeGame.swift; sourceTree = "<group>"; };
		8451763F2365E10800524E7E /* PopupViewController.swift */ = {isa = PBXFileReference; lastKnownFileType = sourcecode.swift; path = PopupViewController.swift; sourceTree = "<group>"; };
		84643114230E3F62003F3AB6 /* PreQuiz.swift */ = {isa = PBXFileReference; lastKnownFileType = sourcecode.swift; path = PreQuiz.swift; sourceTree = "<group>"; };
		846C2C4422FA908B00387197 /* LIBRARY2.app */ = {isa = PBXFileReference; explicitFileType = wrapper.application; includeInIndex = 0; path = LIBRARY2.app; sourceTree = BUILT_PRODUCTS_DIR; };
		846C2C4722FA908B00387197 /* AppDelegate.swift */ = {isa = PBXFileReference; lastKnownFileType = sourcecode.swift; path = AppDelegate.swift; sourceTree = "<group>"; };
		846C2C4922FA908B00387197 /* ViewController.swift */ = {isa = PBXFileReference; lastKnownFileType = sourcecode.swift; path = ViewController.swift; sourceTree = "<group>"; };
		846C2C4C22FA908B00387197 /* Base */ = {isa = PBXFileReference; lastKnownFileType = file.storyboard; name = Base; path = Base.lproj/Main.storyboard; sourceTree = "<group>"; };
		846C2C4E22FA908C00387197 /* Assets.xcassets */ = {isa = PBXFileReference; lastKnownFileType = folder.assetcatalog; path = Assets.xcassets; sourceTree = "<group>"; };
		846C2C5122FA908C00387197 /* Base */ = {isa = PBXFileReference; lastKnownFileType = file.storyboard; name = Base; path = Base.lproj/LaunchScreen.storyboard; sourceTree = "<group>"; };
		846C2C5322FA908C00387197 /* Info.plist */ = {isa = PBXFileReference; lastKnownFileType = text.plist.xml; path = Info.plist; sourceTree = "<group>"; };
		846E37FC231EA9D6008177F6 /* Introduction.swift */ = {isa = PBXFileReference; lastKnownFileType = sourcecode.swift; path = Introduction.swift; sourceTree = "<group>"; };
		847DE58F2317646D0037EC52 /* TsukushiBMaruGothic.ttc */ = {isa = PBXFileReference; lastKnownFileType = file; path = TsukushiBMaruGothic.ttc; sourceTree = "<group>"; };
		84969C3D235F3C430073DFF7 /* StageOneGame.swift */ = {isa = PBXFileReference; lastKnownFileType = sourcecode.swift; path = StageOneGame.swift; sourceTree = "<group>"; };
		84969C3F235F61520073DFF7 /* CALayer+UIColor.swift */ = {isa = PBXFileReference; lastKnownFileType = sourcecode.swift; path = "CALayer+UIColor.swift"; sourceTree = "<group>"; };
		84BA48D0236166EA000EEE4E /* TestViewController.swift */ = {isa = PBXFileReference; lastKnownFileType = sourcecode.swift; path = TestViewController.swift; sourceTree = "<group>"; };
		84E4BD4C23661DAC000DB4CB /* StageOneGame2.swift */ = {isa = PBXFileReference; lastKnownFileType = sourcecode.swift; name = StageOneGame2.swift; path = LIBRARY2/StageOneGame2.swift; sourceTree = "<group>"; };
		84E4BD5023663C25000DB4CB /* StageOnePopup.swift */ = {isa = PBXFileReference; lastKnownFileType = sourcecode.swift; path = StageOnePopup.swift; sourceTree = "<group>"; };
/* End PBXFileReference section */

/* Begin PBXFrameworksBuildPhase section */
		846C2C4122FA908B00387197 /* Frameworks */ = {
			isa = PBXFrameworksBuildPhase;
			buildActionMask = 2147483647;
			files = (
			);
			runOnlyForDeploymentPostprocessing = 0;
		};
/* End PBXFrameworksBuildPhase section */

/* Begin PBXGroup section */
		846C2C3B22FA908B00387197 = {
			isa = PBXGroup;
			children = (
				84E4BD4C23661DAC000DB4CB /* StageOneGame2.swift */,
				846C2C4622FA908B00387197 /* LIBRARY2 */,
				846C2C4522FA908B00387197 /* Products */,
			);
			sourceTree = "<group>";
		};
		846C2C4522FA908B00387197 /* Products */ = {
			isa = PBXGroup;
			children = (
				846C2C4422FA908B00387197 /* LIBRARY2.app */,
			);
			name = Products;
			sourceTree = "<group>";
		};
		846C2C4622FA908B00387197 /* LIBRARY2 */ = {
			isa = PBXGroup;
			children = (
				8451763F2365E10800524E7E /* PopupViewController.swift */,
				84E4BD5023663C25000DB4CB /* StageOnePopup.swift */,
				847DE58F2317646D0037EC52 /* TsukushiBMaruGothic.ttc */,
				846C2C4722FA908B00387197 /* AppDelegate.swift */,
				84969C3F235F61520073DFF7 /* CALayer+UIColor.swift */,
				846C2C4B22FA908B00387197 /* Main.storyboard */,
				846C2C4922FA908B00387197 /* ViewController.swift */,
				84643114230E3F62003F3AB6 /* PreQuiz.swift */,
				846E37FC231EA9D6008177F6 /* Introduction.swift */,
				8417EBCD233C49D70089CBCE /* StageOne.swift */,
				84969C3D235F3C430073DFF7 /* StageOneGame.swift */,
				84BA48D0236166EA000EEE4E /* TestViewController.swift */,
				8451763D23657AAA00524E7E /* StageThreeGame.swift */,
				846C2C4E22FA908C00387197 /* Assets.xcassets */,
				846C2C5022FA908C00387197 /* LaunchScreen.storyboard */,
				846C2C5322FA908C00387197 /* Info.plist */,
			);
			path = LIBRARY2;
			sourceTree = "<group>";
		};
/* End PBXGroup section */

/* Begin PBXNativeTarget section */
		846C2C4322FA908B00387197 /* LIBRARY2 */ = {
			isa = PBXNativeTarget;
			buildConfigurationList = 846C2C5622FA908C00387197 /* Build configuration list for PBXNativeTarget "LIBRARY2" */;
			buildPhases = (
				846C2C4022FA908B00387197 /* Sources */,
				846C2C4122FA908B00387197 /* Frameworks */,
				846C2C4222FA908B00387197 /* Resources */,
			);
			buildRules = (
			);
			dependencies = (
			);
			name = LIBRARY2;
			productName = LIBRARY2;
			productReference = 846C2C4422FA908B00387197 /* LIBRARY2.app */;
			productType = "com.apple.product-type.application";
		};
/* End PBXNativeTarget section */

/* Begin PBXProject section */
		846C2C3C22FA908B00387197 /* Project object */ = {
			isa = PBXProject;
			attributes = {
				LastSwiftUpdateCheck = 1020;
				LastUpgradeCheck = 1020;
				ORGANIZATIONNAME = Moffy;
				TargetAttributes = {
					846C2C4322FA908B00387197 = {
						CreatedOnToolsVersion = 10.2.1;
					};
				};
			};
			buildConfigurationList = 846C2C3F22FA908B00387197 /* Build configuration list for PBXProject "LIBRARY2" */;
			compatibilityVersion = "Xcode 9.3";
			developmentRegion = en;
			hasScannedForEncodings = 0;
			knownRegions = (
				en,
				Base,
			);
			mainGroup = 846C2C3B22FA908B00387197;
			productRefGroup = 846C2C4522FA908B00387197 /* Products */;
			projectDirPath = "";
			projectRoot = "";
			targets = (
				846C2C4322FA908B00387197 /* LIBRARY2 */,
			);
		};
/* End PBXProject section */

/* Begin PBXResourcesBuildPhase section */
		846C2C4222FA908B00387197 /* Resources */ = {
			isa = PBXResourcesBuildPhase;
			buildActionMask = 2147483647;
			files = (
				846C2C5222FA908C00387197 /* LaunchScreen.storyboard in Resources */,
				846C2C4F22FA908C00387197 /* Assets.xcassets in Resources */,
				846C2C4D22FA908B00387197 /* Main.storyboard in Resources */,
				842983BC231F6E5C00F8E336 /* TsukushiBMaruGothic.ttc in Resources */,
			);
			runOnlyForDeploymentPostprocessing = 0;
		};
/* End PBXResourcesBuildPhase section */

/* Begin PBXSourcesBuildPhase section */
		846C2C4022FA908B00387197 /* Sources */ = {
			isa = PBXSourcesBuildPhase;
			buildActionMask = 2147483647;
			files = (
				84E4BD4D23661DAC000DB4CB /* StageOneGame2.swift in Sources */,
				846C2C4A22FA908B00387197 /* ViewController.swift in Sources */,
				846E37FD231EA9D6008177F6 /* Introduction.swift in Sources */,
				84643115230E3F62003F3AB6 /* PreQuiz.swift in Sources */,
				84E4BD5123663C25000DB4CB /* StageOnePopup.swift in Sources */,
				845176402365E10800524E7E /* PopupViewController.swift in Sources */,
				8451763E23657AAA00524E7E /* StageThreeGame.swift in Sources */,
				84969C40235F61520073DFF7 /* CALayer+UIColor.swift in Sources */,
				8417EBCE233C49D70089CBCE /* StageOne.swift in Sources */,
				84969C3E235F3C430073DFF7 /* StageOneGame.swift in Sources */,
				846C2C4822FA908B00387197 /* AppDelegate.swift in Sources */,
				84BA48D1236166EA000EEE4E /* TestViewController.swift in Sources */,
			);
			runOnlyForDeploymentPostprocessing = 0;
		};
/* End PBXSourcesBuildPhase section */

/* Begin PBXVariantGroup section */
		846C2C4B22FA908B00387197 /* Main.storyboard */ = {
			isa = PBXVariantGroup;
			children = (
				846C2C4C22FA908B00387197 /* Base */,
			);
			name = Main.storyboard;
			sourceTree = "<group>";
		};
		846C2C5022FA908C00387197 /* LaunchScreen.storyboard */ = {
			isa = PBXVariantGroup;
			children = (
				846C2C5122FA908C00387197 /* Base */,
			);
			name = LaunchScreen.storyboard;
			sourceTree = "<group>";
		};
/* End PBXVariantGroup section */

/* Begin XCBuildConfiguration section */
		846C2C5422FA908C00387197 /* Debug */ = {
			isa = XCBuildConfiguration;
			buildSettings = {
				ALWAYS_SEARCH_USER_PATHS = NO;
				CLANG_ANALYZER_NONNULL = YES;
				CLANG_ANALYZER_NUMBER_OBJECT_CONVERSION = YES_AGGRESSIVE;
				CLANG_CXX_LANGUAGE_STANDARD = "gnu++14";
				CLANG_CXX_LIBRARY = "libc++";
				CLANG_ENABLE_MODULES = YES;
				CLANG_ENABLE_OBJC_ARC = YES;
				CLANG_ENABLE_OBJC_WEAK = YES;
				CLANG_WARN_BLOCK_CAPTURE_AUTORELEASING = YES;
				CLANG_WARN_BOOL_CONVERSION = YES;
				CLANG_WARN_COMMA = YES;
				CLANG_WARN_CONSTANT_CONVERSION = YES;
				CLANG_WARN_DEPRECATED_OBJC_IMPLEMENTATIONS = YES;
				CLANG_WARN_DIRECT_OBJC_ISA_USAGE = YES_ERROR;
				CLANG_WARN_DOCUMENTATION_COMMENTS = YES;
				CLANG_WARN_EMPTY_BODY = YES;
				CLANG_WARN_ENUM_CONVERSION = YES;
				CLANG_WARN_INFINITE_RECURSION = YES;
				CLANG_WARN_INT_CONVERSION = YES;
				CLANG_WARN_NON_LITERAL_NULL_CONVERSION = YES;
				CLANG_WARN_OBJC_IMPLICIT_RETAIN_SELF = YES;
				CLANG_WARN_OBJC_LITERAL_CONVERSION = YES;
				CLANG_WARN_OBJC_ROOT_CLASS = YES_ERROR;
				CLANG_WARN_RANGE_LOOP_ANALYSIS = YES;
				CLANG_WARN_STRICT_PROTOTYPES = YES;
				CLANG_WARN_SUSPICIOUS_MOVE = YES;
				CLANG_WARN_UNGUARDED_AVAILABILITY = YES_AGGRESSIVE;
				CLANG_WARN_UNREACHABLE_CODE = YES;
				CLANG_WARN__DUPLICATE_METHOD_MATCH = YES;
				CODE_SIGN_IDENTITY = "iPhone Developer";
				COPY_PHASE_STRIP = NO;
				DEBUG_INFORMATION_FORMAT = dwarf;
				ENABLE_STRICT_OBJC_MSGSEND = YES;
				ENABLE_TESTABILITY = YES;
				GCC_C_LANGUAGE_STANDARD = gnu11;
				GCC_DYNAMIC_NO_PIC = NO;
				GCC_NO_COMMON_BLOCKS = YES;
				GCC_OPTIMIZATION_LEVEL = 0;
				GCC_PREPROCESSOR_DEFINITIONS = (
					"DEBUG=1",
					"$(inherited)",
				);
				GCC_WARN_64_TO_32_BIT_CONVERSION = YES;
				GCC_WARN_ABOUT_RETURN_TYPE = YES_ERROR;
				GCC_WARN_UNDECLARED_SELECTOR = YES;
				GCC_WARN_UNINITIALIZED_AUTOS = YES_AGGRESSIVE;
				GCC_WARN_UNUSED_FUNCTION = YES;
				GCC_WARN_UNUSED_VARIABLE = YES;
				IPHONEOS_DEPLOYMENT_TARGET = 12.2;
				MTL_ENABLE_DEBUG_INFO = INCLUDE_SOURCE;
				MTL_FAST_MATH = YES;
				ONLY_ACTIVE_ARCH = YES;
				SDKROOT = iphoneos;
				SWIFT_ACTIVE_COMPILATION_CONDITIONS = DEBUG;
				SWIFT_OPTIMIZATION_LEVEL = "-Onone";
			};
			name = Debug;
		};
		846C2C5522FA908C00387197 /* Release */ = {
			isa = XCBuildConfiguration;
			buildSettings = {
				ALWAYS_SEARCH_USER_PATHS = NO;
				CLANG_ANALYZER_NONNULL = YES;
				CLANG_ANALYZER_NUMBER_OBJECT_CONVERSION = YES_AGGRESSIVE;
				CLANG_CXX_LANGUAGE_STANDARD = "gnu++14";
				CLANG_CXX_LIBRARY = "libc++";
				CLANG_ENABLE_MODULES = YES;
				CLANG_ENABLE_OBJC_ARC = YES;
				CLANG_ENABLE_OBJC_WEAK = YES;
				CLANG_WARN_BLOCK_CAPTURE_AUTORELEASING = YES;
				CLANG_WARN_BOOL_CONVERSION = YES;
				CLANG_WARN_COMMA = YES;
				CLANG_WARN_CONSTANT_CONVERSION = YES;
				CLANG_WARN_DEPRECATED_OBJC_IMPLEMENTATIONS = YES;
				CLANG_WARN_DIRECT_OBJC_ISA_USAGE = YES_ERROR;
				CLANG_WARN_DOCUMENTATION_COMMENTS = YES;
				CLANG_WARN_EMPTY_BODY = YES;
				CLANG_WARN_ENUM_CONVERSION = YES;
				CLANG_WARN_INFINITE_RECURSION = YES;
				CLANG_WARN_INT_CONVERSION = YES;
				CLANG_WARN_NON_LITERAL_NULL_CONVERSION = YES;
				CLANG_WARN_OBJC_IMPLICIT_RETAIN_SELF = YES;
				CLANG_WARN_OBJC_LITERAL_CONVERSION = YES;
				CLANG_WARN_OBJC_ROOT_CLASS = YES_ERROR;
				CLANG_WARN_RANGE_LOOP_ANALYSIS = YES;
				CLANG_WARN_STRICT_PROTOTYPES = YES;
				CLANG_WARN_SUSPICIOUS_MOVE = YES;
				CLANG_WARN_UNGUARDED_AVAILABILITY = YES_AGGRESSIVE;
				CLANG_WARN_UNREACHABLE_CODE = YES;
				CLANG_WARN__DUPLICATE_METHOD_MATCH = YES;
				CODE_SIGN_IDENTITY = "iPhone Developer";
				COPY_PHASE_STRIP = NO;
				DEBUG_INFORMATION_FORMAT = "dwarf-with-dsym";
				ENABLE_NS_ASSERTIONS = NO;
				ENABLE_STRICT_OBJC_MSGSEND = YES;
				GCC_C_LANGUAGE_STANDARD = gnu11;
				GCC_NO_COMMON_BLOCKS = YES;
				GCC_WARN_64_TO_32_BIT_CONVERSION = YES;
				GCC_WARN_ABOUT_RETURN_TYPE = YES_ERROR;
				GCC_WARN_UNDECLARED_SELECTOR = YES;
				GCC_WARN_UNINITIALIZED_AUTOS = YES_AGGRESSIVE;
				GCC_WARN_UNUSED_FUNCTION = YES;
				GCC_WARN_UNUSED_VARIABLE = YES;
				IPHONEOS_DEPLOYMENT_TARGET = 12.2;
				MTL_ENABLE_DEBUG_INFO = NO;
				MTL_FAST_MATH = YES;
				SDKROOT = iphoneos;
				SWIFT_COMPILATION_MODE = wholemodule;
				SWIFT_OPTIMIZATION_LEVEL = "-O";
				VALIDATE_PRODUCT = YES;
			};
			name = Release;
		};
		846C2C5722FA908C00387197 /* Debug */ = {
			isa = XCBuildConfiguration;
			buildSettings = {
				ASSETCATALOG_COMPILER_APPICON_NAME = AppIcon;
				CODE_SIGN_IDENTITY = "iPhone Developer";
				CODE_SIGN_STYLE = Automatic;
				DEVELOPMENT_TEAM = CA99DHLU6B;
				INFOPLIST_FILE = LIBRARY2/Info.plist;
				LD_RUNPATH_SEARCH_PATHS = (
					"$(inherited)",
					"@executable_path/Frameworks",
				);
				PRODUCT_BUNDLE_IDENTIFIER = "izm-pglvu7.LIBRARY2";
				PRODUCT_NAME = "$(TARGET_NAME)";
				PROVISIONING_PROFILE_SPECIFIER = "";
				SWIFT_VERSION = 5.0;
				TARGETED_DEVICE_FAMILY = 2;
			};
			name = Debug;
		};
		846C2C5822FA908C00387197 /* Release */ = {
			isa = XCBuildConfiguration;
			buildSettings = {
				ASSETCATALOG_COMPILER_APPICON_NAME = AppIcon;
				CODE_SIGN_IDENTITY = "iPhone Developer";
				CODE_SIGN_STYLE = Automatic;
				DEVELOPMENT_TEAM = CA99DHLU6B;
				INFOPLIST_FILE = LIBRARY2/Info.plist;
				LD_RUNPATH_SEARCH_PATHS = (
					"$(inherited)",
					"@executable_path/Frameworks",
				);
				PRODUCT_BUNDLE_IDENTIFIER = "izm-pglvu7.LIBRARY2";
				PRODUCT_NAME = "$(TARGET_NAME)";
				PROVISIONING_PROFILE_SPECIFIER = "";
				SWIFT_VERSION = 5.0;
				TARGETED_DEVICE_FAMILY = 2;
			};
			name = Release;
		};
/* End XCBuildConfiguration section */

/* Begin XCConfigurationList section */
		846C2C3F22FA908B00387197 /* Build configuration list for PBXProject "LIBRARY2" */ = {
			isa = XCConfigurationList;
			buildConfigurations = (
				846C2C5422FA908C00387197 /* Debug */,
				846C2C5522FA908C00387197 /* Release */,
			);
			defaultConfigurationIsVisible = 0;
			defaultConfigurationName = Release;
		};
		846C2C5622FA908C00387197 /* Build configuration list for PBXNativeTarget "LIBRARY2" */ = {
			isa = XCConfigurationList;
			buildConfigurations = (
				846C2C5722FA908C00387197 /* Debug */,
				846C2C5822FA908C00387197 /* Release */,
			);
			defaultConfigurationIsVisible = 0;
			defaultConfigurationName = Release;
		};
/* End XCConfigurationList section */
	};
	rootObject = 846C2C3C22FA908B00387197 /* Project object */;
}
